
Microsoft Visual Studio Solution File, Format Version 12.00
# Visual Studio Version 16
VisualStudioVersion = 16.0.31624.102
MinimumVisualStudioVersion = 10.0.40219.1
Project("{2150E333-8FDC-42A3-9474-1A3956D46DE8}") = ".nuget", ".nuget", "{ECFB253A-09A6-456E-A991-543741D83081}"
	ProjectSection(SolutionItems) = preProject
		.nuget\NuGet.Config = .nuget\NuGet.Config
		.nuget\NuGet.exe = .nuget\NuGet.exe
		.nuget\NuGet.targets = .nuget\NuGet.targets
	EndProjectSection
EndProject
Project("{9A19103F-16F7-4668-BE54-9A1E7A4F7556}") = "CodingInterviewSolutions", "CodingInterviewSolutions\CodingInterviewSolutions.csproj", "{F61A50A5-BABB-4431-9CAA-433A144DB68E}"
EndProject
Project("{9A19103F-16F7-4668-BE54-9A1E7A4F7556}") = "CodingInterviewSolutionsUnitTests", "CodingInterviewSolutionsUnitTests\CodingInterviewSolutionsUnitTests.csproj", "{D0ED5C1B-E6A3-4B84-906F-97EF2D4A7C89}"
EndProject
Global
	GlobalSection(SolutionConfigurationPlatforms) = preSolution
		Debug|Any CPU = Debug|Any CPU
		Release|Any CPU = Release|Any CPU
	EndGlobalSection
	GlobalSection(ProjectConfigurationPlatforms) = postSolution
		{F61A50A5-BABB-4431-9CAA-433A144DB68E}.Debug|Any CPU.ActiveCfg = Debug|Any CPU
		{F61A50A5-BABB-4431-9CAA-433A144DB68E}.Debug|Any CPU.Build.0 = Debug|Any CPU
		{F61A50A5-BABB-4431-9CAA-433A144DB68E}.Release|Any CPU.ActiveCfg = Release|Any CPU
		{F61A50A5-BABB-4431-9CAA-433A144DB68E}.Release|Any CPU.Build.0 = Release|Any CPU
		{D0ED5C1B-E6A3-4B84-906F-97EF2D4A7C89}.Debug|Any CPU.ActiveCfg = Debug|Any CPU
		{D0ED5C1B-E6A3-4B84-906F-97EF2D4A7C89}.Debug|Any CPU.Build.0 = Debug|Any CPU
		{D0ED5C1B-E6A3-4B84-906F-97EF2D4A7C89}.Release|Any CPU.ActiveCfg = Release|Any CPU
		{D0ED5C1B-E6A3-4B84-906F-97EF2D4A7C89}.Release|Any CPU.Build.0 = Release|Any CPU
	EndGlobalSection
	GlobalSection(SolutionProperties) = preSolution
		HideSolutionNode = FALSE
	EndGlobalSection
	GlobalSection(ExtensibilityGlobals) = postSolution
		SolutionGuid = {ACD67D2F-AE97-4FEF-9FF1-F68BD1C04508}
	EndGlobalSection
EndGlobal
